// !$*UTF8*$!
{
	archiveVersion = 1;
	classes = {
	};
	objectVersion = 46;
	objects = {

/* Begin PBXBuildFile section */
		D83FB9D31FC12FCA00853AC5 /* WorkExpListTableViewController.swift in Sources */ = {isa = PBXBuildFile; fileRef = D83FB9D21FC12FCA00853AC5 /* WorkExpListTableViewController.swift */; };
		D83FB9D51FC1305400853AC5 /* WorkExpListTableViewCell.swift in Sources */ = {isa = PBXBuildFile; fileRef = D83FB9D41FC1305400853AC5 /* WorkExpListTableViewCell.swift */; };
		D83FB9D71FC132BC00853AC5 /* WorkExpListViewModel.swift in Sources */ = {isa = PBXBuildFile; fileRef = D83FB9D61FC132BC00853AC5 /* WorkExpListViewModel.swift */; };
		D83FB9DA1FC1809800853AC5 /* HomeViewController.swift in Sources */ = {isa = PBXBuildFile; fileRef = D83FB9D91FC1809800853AC5 /* HomeViewController.swift */; };
		D83FB9DD1FC19FD100853AC5 /* SkillCollectionViewController.swift in Sources */ = {isa = PBXBuildFile; fileRef = D83FB9DC1FC19FD100853AC5 /* SkillCollectionViewController.swift */; };
		D83FB9DF1FC19FE600853AC5 /* SkillCollectionViewCell.swift in Sources */ = {isa = PBXBuildFile; fileRef = D83FB9DE1FC19FE600853AC5 /* SkillCollectionViewCell.swift */; };
		D83FB9E11FC1A00500853AC5 /* SkillViewModel.swift in Sources */ = {isa = PBXBuildFile; fileRef = D83FB9E01FC1A00500853AC5 /* SkillViewModel.swift */; };
		D85970511FBC792400751A17 /* WorkExperience.swift in Sources */ = {isa = PBXBuildFile; fileRef = D85970501FBC792400751A17 /* WorkExperience.swift */; };
		D85970531FBC85E000751A17 /* Activity.swift in Sources */ = {isa = PBXBuildFile; fileRef = D85970521FBC85E000751A17 /* Activity.swift */; };
		D85970551FBC867F00751A17 /* Skill.swift in Sources */ = {isa = PBXBuildFile; fileRef = D85970541FBC867F00751A17 /* Skill.swift */; };
		D8634DE51FC0283C00356479 /* TabBarController.swift in Sources */ = {isa = PBXBuildFile; fileRef = D8634DE41FC0283C00356479 /* TabBarController.swift */; };
		D88AE6E71FB0114100FF0A22 /* AppDelegate.swift in Sources */ = {isa = PBXBuildFile; fileRef = D88AE6E61FB0114100FF0A22 /* AppDelegate.swift */; };
		D88AE6E91FB0114100FF0A22 /* ViewController.swift in Sources */ = {isa = PBXBuildFile; fileRef = D88AE6E81FB0114100FF0A22 /* ViewController.swift */; };
		D88AE6EC1FB0114100FF0A22 /* Main.storyboard in Resources */ = {isa = PBXBuildFile; fileRef = D88AE6EA1FB0114100FF0A22 /* Main.storyboard */; };
		D88AE6EF1FB0114100FF0A22 /* Pagorn_Resume_iOS.xcdatamodeld in Sources */ = {isa = PBXBuildFile; fileRef = D88AE6ED1FB0114100FF0A22 /* Pagorn_Resume_iOS.xcdatamodeld */; };
		D88AE6F11FB0114100FF0A22 /* Assets.xcassets in Resources */ = {isa = PBXBuildFile; fileRef = D88AE6F01FB0114100FF0A22 /* Assets.xcassets */; };
		D88AE6F41FB0114100FF0A22 /* LaunchScreen.storyboard in Resources */ = {isa = PBXBuildFile; fileRef = D88AE6F21FB0114100FF0A22 /* LaunchScreen.storyboard */; };
		D8981D6B1FBEBCD80045D572 /* ActivityListTableViewController.swift in Sources */ = {isa = PBXBuildFile; fileRef = D8981D6A1FBEBCD80045D572 /* ActivityListTableViewController.swift */; };
		D8981D6D1FBEEA0B0045D572 /* ActivityListTableViewCell.swift in Sources */ = {isa = PBXBuildFile; fileRef = D8981D6C1FBEEA0B0045D572 /* ActivityListTableViewCell.swift */; };
		D8981D701FBEF22E0045D572 /* ActivityListViewModel.swift in Sources */ = {isa = PBXBuildFile; fileRef = D8981D6F1FBEF22E0045D572 /* ActivityListViewModel.swift */; };
		D8B4A3E71FBC4F5500017C62 /* skill.json in Resources */ = {isa = PBXBuildFile; fileRef = D8B4A3E41FBC4F5500017C62 /* skill.json */; };
		D8B4A3E81FBC4F5500017C62 /* work_experience.json in Resources */ = {isa = PBXBuildFile; fileRef = D8B4A3E51FBC4F5500017C62 /* work_experience.json */; };
		D8B4A3E91FBC4F5500017C62 /* activity.json in Resources */ = {isa = PBXBuildFile; fileRef = D8B4A3E61FBC4F5500017C62 /* activity.json */; };
		D8B4A3EB1FBC4F6100017C62 /* APIService.swift in Sources */ = {isa = PBXBuildFile; fileRef = D8B4A3EA1FBC4F6100017C62 /* APIService.swift */; };
		DB1DA99324E792C0470D95E9 /* Pods_Pagorn_Resume_iOS.framework in Frameworks */ = {isa = PBXBuildFile; fileRef = F71B8BBF8D79E17617B2DDDE /* Pods_Pagorn_Resume_iOS.framework */; };
/* End PBXBuildFile section */

/* Begin PBXFileReference section */
		7143CFC124C7F8B91408A7CF /* Pods-Pagorn-Resume-iOS.release.xcconfig */ = {isa = PBXFileReference; includeInIndex = 1; lastKnownFileType = text.xcconfig; name = "Pods-Pagorn-Resume-iOS.release.xcconfig"; path = "Pods/Target Support Files/Pods-Pagorn-Resume-iOS/Pods-Pagorn-Resume-iOS.release.xcconfig"; sourceTree = "<group>"; };
		778CFE7E977A19F693E70196 /* Pods-Pagorn-Resume-iOS.debug.xcconfig */ = {isa = PBXFileReference; includeInIndex = 1; lastKnownFileType = text.xcconfig; name = "Pods-Pagorn-Resume-iOS.debug.xcconfig"; path = "Pods/Target Support Files/Pods-Pagorn-Resume-iOS/Pods-Pagorn-Resume-iOS.debug.xcconfig"; sourceTree = "<group>"; };
		D83FB9D21FC12FCA00853AC5 /* WorkExpListTableViewController.swift */ = {isa = PBXFileReference; lastKnownFileType = sourcecode.swift; path = WorkExpListTableViewController.swift; sourceTree = "<group>"; };
		D83FB9D41FC1305400853AC5 /* WorkExpListTableViewCell.swift */ = {isa = PBXFileReference; lastKnownFileType = sourcecode.swift; path = WorkExpListTableViewCell.swift; sourceTree = "<group>"; };
		D83FB9D61FC132BC00853AC5 /* WorkExpListViewModel.swift */ = {isa = PBXFileReference; lastKnownFileType = sourcecode.swift; path = WorkExpListViewModel.swift; sourceTree = "<group>"; };
		D83FB9D91FC1809800853AC5 /* HomeViewController.swift */ = {isa = PBXFileReference; lastKnownFileType = sourcecode.swift; path = HomeViewController.swift; sourceTree = "<group>"; };
		D83FB9DC1FC19FD100853AC5 /* SkillCollectionViewController.swift */ = {isa = PBXFileReference; lastKnownFileType = sourcecode.swift; path = SkillCollectionViewController.swift; sourceTree = "<group>"; };
		D83FB9DE1FC19FE600853AC5 /* SkillCollectionViewCell.swift */ = {isa = PBXFileReference; lastKnownFileType = sourcecode.swift; path = SkillCollectionViewCell.swift; sourceTree = "<group>"; };
		D83FB9E01FC1A00500853AC5 /* SkillViewModel.swift */ = {isa = PBXFileReference; lastKnownFileType = sourcecode.swift; path = SkillViewModel.swift; sourceTree = "<group>"; };
		D85970501FBC792400751A17 /* WorkExperience.swift */ = {isa = PBXFileReference; lastKnownFileType = sourcecode.swift; path = WorkExperience.swift; sourceTree = "<group>"; };
		D85970521FBC85E000751A17 /* Activity.swift */ = {isa = PBXFileReference; lastKnownFileType = sourcecode.swift; path = Activity.swift; sourceTree = "<group>"; };
		D85970541FBC867F00751A17 /* Skill.swift */ = {isa = PBXFileReference; lastKnownFileType = sourcecode.swift; path = Skill.swift; sourceTree = "<group>"; };
		D8634DE41FC0283C00356479 /* TabBarController.swift */ = {isa = PBXFileReference; lastKnownFileType = sourcecode.swift; path = TabBarController.swift; sourceTree = "<group>"; };
		D88AE6E31FB0114100FF0A22 /* Pagorn-Resume-iOS.app */ = {isa = PBXFileReference; explicitFileType = wrapper.application; includeInIndex = 0; path = "Pagorn-Resume-iOS.app"; sourceTree = BUILT_PRODUCTS_DIR; };
		D88AE6E61FB0114100FF0A22 /* AppDelegate.swift */ = {isa = PBXFileReference; lastKnownFileType = sourcecode.swift; path = AppDelegate.swift; sourceTree = "<group>"; };
		D88AE6E81FB0114100FF0A22 /* ViewController.swift */ = {isa = PBXFileReference; lastKnownFileType = sourcecode.swift; path = ViewController.swift; sourceTree = "<group>"; };
		D88AE6EB1FB0114100FF0A22 /* Base */ = {isa = PBXFileReference; lastKnownFileType = file.storyboard; name = Base; path = Base.lproj/Main.storyboard; sourceTree = "<group>"; };
		D88AE6EE1FB0114100FF0A22 /* Pagorn_Resume_iOS.xcdatamodel */ = {isa = PBXFileReference; lastKnownFileType = wrapper.xcdatamodel; path = Pagorn_Resume_iOS.xcdatamodel; sourceTree = "<group>"; };
		D88AE6F01FB0114100FF0A22 /* Assets.xcassets */ = {isa = PBXFileReference; lastKnownFileType = folder.assetcatalog; path = Assets.xcassets; sourceTree = "<group>"; };
		D88AE6F31FB0114100FF0A22 /* Base */ = {isa = PBXFileReference; lastKnownFileType = file.storyboard; name = Base; path = Base.lproj/LaunchScreen.storyboard; sourceTree = "<group>"; };
		D88AE6F51FB0114100FF0A22 /* Info.plist */ = {isa = PBXFileReference; lastKnownFileType = text.plist.xml; path = Info.plist; sourceTree = "<group>"; };
		D8981D6A1FBEBCD80045D572 /* ActivityListTableViewController.swift */ = {isa = PBXFileReference; lastKnownFileType = sourcecode.swift; path = ActivityListTableViewController.swift; sourceTree = "<group>"; };
		D8981D6C1FBEEA0B0045D572 /* ActivityListTableViewCell.swift */ = {isa = PBXFileReference; lastKnownFileType = sourcecode.swift; path = ActivityListTableViewCell.swift; sourceTree = "<group>"; };
		D8981D6F1FBEF22E0045D572 /* ActivityListViewModel.swift */ = {isa = PBXFileReference; lastKnownFileType = sourcecode.swift; path = ActivityListViewModel.swift; sourceTree = "<group>"; };
		D8B4A3E41FBC4F5500017C62 /* skill.json */ = {isa = PBXFileReference; fileEncoding = 4; lastKnownFileType = text.json; path = skill.json; sourceTree = "<group>"; };
		D8B4A3E51FBC4F5500017C62 /* work_experience.json */ = {isa = PBXFileReference; fileEncoding = 4; lastKnownFileType = text.json; path = work_experience.json; sourceTree = "<group>"; };
		D8B4A3E61FBC4F5500017C62 /* activity.json */ = {isa = PBXFileReference; fileEncoding = 4; lastKnownFileType = text.json; path = activity.json; sourceTree = "<group>"; };
		D8B4A3EA1FBC4F6100017C62 /* APIService.swift */ = {isa = PBXFileReference; lastKnownFileType = sourcecode.swift; path = APIService.swift; sourceTree = "<group>"; };
		F71B8BBF8D79E17617B2DDDE /* Pods_Pagorn_Resume_iOS.framework */ = {isa = PBXFileReference; explicitFileType = wrapper.framework; includeInIndex = 0; path = Pods_Pagorn_Resume_iOS.framework; sourceTree = BUILT_PRODUCTS_DIR; };
/* End PBXFileReference section */

/* Begin PBXFrameworksBuildPhase section */
		D88AE6E01FB0114100FF0A22 /* Frameworks */ = {
			isa = PBXFrameworksBuildPhase;
			buildActionMask = 2147483647;
			files = (
				DB1DA99324E792C0470D95E9 /* Pods_Pagorn_Resume_iOS.framework in Frameworks */,
			);
			runOnlyForDeploymentPostprocessing = 0;
		};
/* End PBXFrameworksBuildPhase section */

/* Begin PBXGroup section */
		70B74929979493E08F5E4FFD /* Pods */ = {
			isa = PBXGroup;
			children = (
				778CFE7E977A19F693E70196 /* Pods-Pagorn-Resume-iOS.debug.xcconfig */,
				7143CFC124C7F8B91408A7CF /* Pods-Pagorn-Resume-iOS.release.xcconfig */,
			);
			name = Pods;
			sourceTree = "<group>";
		};
		D83FB9D11FC12FA000853AC5 /* WorkExpPage */ = {
			isa = PBXGroup;
			children = (
				D83FB9D21FC12FCA00853AC5 /* WorkExpListTableViewController.swift */,
				D83FB9D41FC1305400853AC5 /* WorkExpListTableViewCell.swift */,
				D83FB9D61FC132BC00853AC5 /* WorkExpListViewModel.swift */,
			);
			path = WorkExpPage;
			sourceTree = "<group>";
		};
		D83FB9D81FC17FC700853AC5 /* HomePage */ = {
			isa = PBXGroup;
			children = (
				D83FB9D91FC1809800853AC5 /* HomeViewController.swift */,
			);
			path = HomePage;
			sourceTree = "<group>";
		};
		D83FB9DB1FC18C3000853AC5 /* SkillPage */ = {
			isa = PBXGroup;
			children = (
				D83FB9DC1FC19FD100853AC5 /* SkillCollectionViewController.swift */,
				D83FB9DE1FC19FE600853AC5 /* SkillCollectionViewCell.swift */,
				D83FB9E01FC1A00500853AC5 /* SkillViewModel.swift */,
			);
			path = SkillPage;
			sourceTree = "<group>";
		};
		D8634DE61FC0286300356479 /* TabBarPage */ = {
			isa = PBXGroup;
			children = (
				D8634DE41FC0283C00356479 /* TabBarController.swift */,
			);
			path = TabBarPage;
			sourceTree = "<group>";
		};
		D88AE6DA1FB0114100FF0A22 = {
			isa = PBXGroup;
			children = (
				D88AE6E51FB0114100FF0A22 /* Pagorn-Resume-iOS */,
				D88AE6E41FB0114100FF0A22 /* Products */,
				70B74929979493E08F5E4FFD /* Pods */,
				E9D22DF20C828708992F3C5F /* Frameworks */,
			);
			sourceTree = "<group>";
		};
		D88AE6E41FB0114100FF0A22 /* Products */ = {
			isa = PBXGroup;
			children = (
				D88AE6E31FB0114100FF0A22 /* Pagorn-Resume-iOS.app */,
			);
			name = Products;
			sourceTree = "<group>";
		};
		D88AE6E51FB0114100FF0A22 /* Pagorn-Resume-iOS */ = {
			isa = PBXGroup;
			children = (
				D8B4A3E31FBC4DE400017C62 /* Model */,
				D8B4A3E21FBC4DCE00017C62 /* Module */,
				D8B4A3E11FBC3D8900017C62 /* Service */,
				D88AE6E61FB0114100FF0A22 /* AppDelegate.swift */,
				D88AE6E81FB0114100FF0A22 /* ViewController.swift */,
				D88AE6EA1FB0114100FF0A22 /* Main.storyboard */,
				D88AE6F01FB0114100FF0A22 /* Assets.xcassets */,
				D88AE6F21FB0114100FF0A22 /* LaunchScreen.storyboard */,
				D88AE6F51FB0114100FF0A22 /* Info.plist */,
				D88AE6ED1FB0114100FF0A22 /* Pagorn_Resume_iOS.xcdatamodeld */,
			);
			path = "Pagorn-Resume-iOS";
			sourceTree = "<group>";
		};
		D8981D6E1FBEEAE70045D572 /* ActivityPage */ = {
			isa = PBXGroup;
			children = (
				D8981D6A1FBEBCD80045D572 /* ActivityListTableViewController.swift */,
				D8981D6C1FBEEA0B0045D572 /* ActivityListTableViewCell.swift */,
				D8981D6F1FBEF22E0045D572 /* ActivityListViewModel.swift */,
			);
			path = ActivityPage;
			sourceTree = "<group>";
		};
		D8B4A3E11FBC3D8900017C62 /* Service */ = {
			isa = PBXGroup;
			children = (
				D8B4A3EA1FBC4F6100017C62 /* APIService.swift */,
				D8B4A3E61FBC4F5500017C62 /* activity.json */,
				D8B4A3E41FBC4F5500017C62 /* skill.json */,
				D8B4A3E51FBC4F5500017C62 /* work_experience.json */,
			);
			path = Service;
			sourceTree = "<group>";
		};
		D8B4A3E21FBC4DCE00017C62 /* Module */ = {
			isa = PBXGroup;
			children = (
				D83FB9DB1FC18C3000853AC5 /* SkillPage */,
				D83FB9D81FC17FC700853AC5 /* HomePage */,
				D83FB9D11FC12FA000853AC5 /* WorkExpPage */,
				D8634DE61FC0286300356479 /* TabBarPage */,
				D8981D6E1FBEEAE70045D572 /* ActivityPage */,
			);
			path = Module;
			sourceTree = "<group>";
		};
		D8B4A3E31FBC4DE400017C62 /* Model */ = {
			isa = PBXGroup;
			children = (
				D85970501FBC792400751A17 /* WorkExperience.swift */,
				D85970521FBC85E000751A17 /* Activity.swift */,
				D85970541FBC867F00751A17 /* Skill.swift */,
			);
			path = Model;
			sourceTree = "<group>";
		};
		E9D22DF20C828708992F3C5F /* Frameworks */ = {
			isa = PBXGroup;
			children = (
				F71B8BBF8D79E17617B2DDDE /* Pods_Pagorn_Resume_iOS.framework */,
			);
			name = Frameworks;
			sourceTree = "<group>";
		};
/* End PBXGroup section */

/* Begin PBXNativeTarget section */
		D88AE6E21FB0114100FF0A22 /* Pagorn-Resume-iOS */ = {
			isa = PBXNativeTarget;
			buildConfigurationList = D88AE6F81FB0114100FF0A22 /* Build configuration list for PBXNativeTarget "Pagorn-Resume-iOS" */;
			buildPhases = (
				DECFBA552FD5B45ECC65FFBB /* [CP] Check Pods Manifest.lock */,
				D88AE6DF1FB0114100FF0A22 /* Sources */,
				D88AE6E01FB0114100FF0A22 /* Frameworks */,
				D88AE6E11FB0114100FF0A22 /* Resources */,
				2EE7AFDDF367E8F3713E466F /* [CP] Embed Pods Frameworks */,
				C3C61DAC5858810539AB8181 /* [CP] Copy Pods Resources */,
			);
			buildRules = (
			);
			dependencies = (
			);
			name = "Pagorn-Resume-iOS";
			productName = "Pagorn-Resume-iOS";
			productReference = D88AE6E31FB0114100FF0A22 /* Pagorn-Resume-iOS.app */;
			productType = "com.apple.product-type.application";
		};
/* End PBXNativeTarget section */

/* Begin PBXProject section */
		D88AE6DB1FB0114100FF0A22 /* Project object */ = {
			isa = PBXProject;
			attributes = {
				LastSwiftUpdateCheck = 0830;
				LastUpgradeCheck = 0910;
				ORGANIZATIONNAME = plagorn;
				TargetAttributes = {
					D88AE6E21FB0114100FF0A22 = {
						CreatedOnToolsVersion = 8.3;
						DevelopmentTeam = UC97B67PD8;
						LastSwiftMigration = 0910;
						ProvisioningStyle = Automatic;
					};
				};
			};
			buildConfigurationList = D88AE6DE1FB0114100FF0A22 /* Build configuration list for PBXProject "Pagorn-Resume-iOS" */;
			compatibilityVersion = "Xcode 3.2";
			developmentRegion = English;
			hasScannedForEncodings = 0;
			knownRegions = (
				en,
				Base,
			);
			mainGroup = D88AE6DA1FB0114100FF0A22;
			productRefGroup = D88AE6E41FB0114100FF0A22 /* Products */;
			projectDirPath = "";
			projectRoot = "";
			targets = (
				D88AE6E21FB0114100FF0A22 /* Pagorn-Resume-iOS */,
			);
		};
/* End PBXProject section */

/* Begin PBXResourcesBuildPhase section */
		D88AE6E11FB0114100FF0A22 /* Resources */ = {
			isa = PBXResourcesBuildPhase;
			buildActionMask = 2147483647;
			files = (
				D8B4A3E91FBC4F5500017C62 /* activity.json in Resources */,
				D88AE6F41FB0114100FF0A22 /* LaunchScreen.storyboard in Resources */,
				D8B4A3E71FBC4F5500017C62 /* skill.json in Resources */,
				D8B4A3E81FBC4F5500017C62 /* work_experience.json in Resources */,
				D88AE6F11FB0114100FF0A22 /* Assets.xcassets in Resources */,
				D88AE6EC1FB0114100FF0A22 /* Main.storyboard in Resources */,
			);
			runOnlyForDeploymentPostprocessing = 0;
		};
/* End PBXResourcesBuildPhase section */

/* Begin PBXShellScriptBuildPhase section */
		2EE7AFDDF367E8F3713E466F /* [CP] Embed Pods Frameworks */ = {
			isa = PBXShellScriptBuildPhase;
			buildActionMask = 2147483647;
			files = (
			);
			inputPaths = (
				"${SRCROOT}/Pods/Target Support Files/Pods-Pagorn-Resume-iOS/Pods-Pagorn-Resume-iOS-frameworks.sh",
				"${BUILT_PRODUCTS_DIR}/PKHUD/PKHUD.framework",
				"${BUILT_PRODUCTS_DIR}/SDWebImage/SDWebImage.framework",
				"${BUILT_PRODUCTS_DIR}/UICircularProgressRing/UICircularProgressRing.framework",
			);
			name = "[CP] Embed Pods Frameworks";
			outputPaths = (
				"${TARGET_BUILD_DIR}/${FRAMEWORKS_FOLDER_PATH}/PKHUD.framework",
				"${TARGET_BUILD_DIR}/${FRAMEWORKS_FOLDER_PATH}/SDWebImage.framework",
				"${TARGET_BUILD_DIR}/${FRAMEWORKS_FOLDER_PATH}/UICircularProgressRing.framework",
			);
			runOnlyForDeploymentPostprocessing = 0;
			shellPath = /bin/sh;
			shellScript = "\"${SRCROOT}/Pods/Target Support Files/Pods-Pagorn-Resume-iOS/Pods-Pagorn-Resume-iOS-frameworks.sh\"\n";
			showEnvVarsInLog = 0;
		};
		C3C61DAC5858810539AB8181 /* [CP] Copy Pods Resources */ = {
			isa = PBXShellScriptBuildPhase;
			buildActionMask = 2147483647;
			files = (
			);
			inputPaths = (
			);
			name = "[CP] Copy Pods Resources";
			outputPaths = (
			);
			runOnlyForDeploymentPostprocessing = 0;
			shellPath = /bin/sh;
			shellScript = "\"${SRCROOT}/Pods/Target Support Files/Pods-Pagorn-Resume-iOS/Pods-Pagorn-Resume-iOS-resources.sh\"\n";
			showEnvVarsInLog = 0;
		};
		DECFBA552FD5B45ECC65FFBB /* [CP] Check Pods Manifest.lock */ = {
			isa = PBXShellScriptBuildPhase;
			buildActionMask = 2147483647;
			files = (
			);
			inputPaths = (
				"${PODS_PODFILE_DIR_PATH}/Podfile.lock",
				"${PODS_ROOT}/Manifest.lock",
			);
			name = "[CP] Check Pods Manifest.lock";
			outputPaths = (
				"$(DERIVED_FILE_DIR)/Pods-Pagorn-Resume-iOS-checkManifestLockResult.txt",
			);
			runOnlyForDeploymentPostprocessing = 0;
			shellPath = /bin/sh;
			shellScript = "diff \"${PODS_PODFILE_DIR_PATH}/Podfile.lock\" \"${PODS_ROOT}/Manifest.lock\" > /dev/null\nif [ $? != 0 ] ; then\n    # print error to STDERR\n    echo \"error: The sandbox is not in sync with the Podfile.lock. Run 'pod install' or update your CocoaPods installation.\" >&2\n    exit 1\nfi\n# This output is used by Xcode 'outputs' to avoid re-running this script phase.\necho \"SUCCESS\" > \"${SCRIPT_OUTPUT_FILE_0}\"\n";
			showEnvVarsInLog = 0;
		};
/* End PBXShellScriptBuildPhase section */

/* Begin PBXSourcesBuildPhase section */
		D88AE6DF1FB0114100FF0A22 /* Sources */ = {
			isa = PBXSourcesBuildPhase;
			buildActionMask = 2147483647;
			files = (
				D8981D6B1FBEBCD80045D572 /* ActivityListTableViewController.swift in Sources */,
				D85970531FBC85E000751A17 /* Activity.swift in Sources */,
				D8634DE51FC0283C00356479 /* TabBarController.swift in Sources */,
				D88AE6EF1FB0114100FF0A22 /* Pagorn_Resume_iOS.xcdatamodeld in Sources */,
				D85970511FBC792400751A17 /* WorkExperience.swift in Sources */,
				D83FB9DA1FC1809800853AC5 /* HomeViewController.swift in Sources */,
				D88AE6E91FB0114100FF0A22 /* ViewController.swift in Sources */,
				D8981D701FBEF22E0045D572 /* ActivityListViewModel.swift in Sources */,
				D83FB9DD1FC19FD100853AC5 /* SkillCollectionViewController.swift in Sources */,
				D8B4A3EB1FBC4F6100017C62 /* APIService.swift in Sources */,
				D83FB9E11FC1A00500853AC5 /* SkillViewModel.swift in Sources */,
				D83FB9D51FC1305400853AC5 /* WorkExpListTableViewCell.swift in Sources */,
				D83FB9DF1FC19FE600853AC5 /* SkillCollectionViewCell.swift in Sources */,
				D83FB9D31FC12FCA00853AC5 /* WorkExpListTableViewController.swift in Sources */,
				D85970551FBC867F00751A17 /* Skill.swift in Sources */,
				D83FB9D71FC132BC00853AC5 /* WorkExpListViewModel.swift in Sources */,
				D8981D6D1FBEEA0B0045D572 /* ActivityListTableViewCell.swift in Sources */,
				D88AE6E71FB0114100FF0A22 /* AppDelegate.swift in Sources */,
			);
			runOnlyForDeploymentPostprocessing = 0;
		};
/* End PBXSourcesBuildPhase section */

/* Begin PBXVariantGroup section */
		D88AE6EA1FB0114100FF0A22 /* Main.storyboard */ = {
			isa = PBXVariantGroup;
			children = (
				D88AE6EB1FB0114100FF0A22 /* Base */,
			);
			name = Main.storyboard;
			sourceTree = "<group>";
		};
		D88AE6F21FB0114100FF0A22 /* LaunchScreen.storyboard */ = {
			isa = PBXVariantGroup;
			children = (
				D88AE6F31FB0114100FF0A22 /* Base */,
			);
			name = LaunchScreen.storyboard;
			sourceTree = "<group>";
		};
/* End PBXVariantGroup section */

/* Begin XCBuildConfiguration section */
		D88AE6F61FB0114100FF0A22 /* Debug */ = {
			isa = XCBuildConfiguration;
			buildSettings = {
				ALWAYS_SEARCH_USER_PATHS = NO;
				CLANG_ANALYZER_NONNULL = YES;
				CLANG_ANALYZER_NUMBER_OBJECT_CONVERSION = YES_AGGRESSIVE;
				CLANG_CXX_LANGUAGE_STANDARD = "gnu++0x";
				CLANG_CXX_LIBRARY = "libc++";
				CLANG_ENABLE_MODULES = YES;
				CLANG_ENABLE_OBJC_ARC = YES;
				CLANG_WARN_BLOCK_CAPTURE_AUTORELEASING = YES;
				CLANG_WARN_BOOL_CONVERSION = YES;
				CLANG_WARN_COMMA = YES;
				CLANG_WARN_CONSTANT_CONVERSION = YES;
				CLANG_WARN_DIRECT_OBJC_ISA_USAGE = YES_ERROR;
				CLANG_WARN_DOCUMENTATION_COMMENTS = YES;
				CLANG_WARN_EMPTY_BODY = YES;
				CLANG_WARN_ENUM_CONVERSION = YES;
				CLANG_WARN_INFINITE_RECURSION = YES;
				CLANG_WARN_INT_CONVERSION = YES;
				CLANG_WARN_NON_LITERAL_NULL_CONVERSION = YES;
				CLANG_WARN_OBJC_LITERAL_CONVERSION = YES;
				CLANG_WARN_OBJC_ROOT_CLASS = YES_ERROR;
				CLANG_WARN_RANGE_LOOP_ANALYSIS = YES;
				CLANG_WARN_STRICT_PROTOTYPES = YES;
				CLANG_WARN_SUSPICIOUS_MOVE = YES;
				CLANG_WARN_UNREACHABLE_CODE = YES;
				CLANG_WARN__DUPLICATE_METHOD_MATCH = YES;
				"CODE_SIGN_IDENTITY[sdk=iphoneos*]" = "iPhone Developer";
				COPY_PHASE_STRIP = NO;
				DEBUG_INFORMATION_FORMAT = dwarf;
				ENABLE_STRICT_OBJC_MSGSEND = YES;
				ENABLE_TESTABILITY = YES;
				GCC_C_LANGUAGE_STANDARD = gnu99;
				GCC_DYNAMIC_NO_PIC = NO;
				GCC_NO_COMMON_BLOCKS = YES;
				GCC_OPTIMIZATION_LEVEL = 0;
				GCC_PREPROCESSOR_DEFINITIONS = (
					"DEBUG=1",
					"$(inherited)",
				);
				GCC_WARN_64_TO_32_BIT_CONVERSION = YES;
				GCC_WARN_ABOUT_RETURN_TYPE = YES_ERROR;
				GCC_WARN_UNDECLARED_SELECTOR = YES;
				GCC_WARN_UNINITIALIZED_AUTOS = YES_AGGRESSIVE;
				GCC_WARN_UNUSED_FUNCTION = YES;
				GCC_WARN_UNUSED_VARIABLE = YES;
				IPHONEOS_DEPLOYMENT_TARGET = 11.1;
				MTL_ENABLE_DEBUG_INFO = YES;
				ONLY_ACTIVE_ARCH = YES;
				SDKROOT = iphoneos;
				SWIFT_ACTIVE_COMPILATION_CONDITIONS = DEBUG;
				SWIFT_OPTIMIZATION_LEVEL = "-Onone";
				TARGETED_DEVICE_FAMILY = "1,2";
			};
			name = Debug;
		};
		D88AE6F71FB0114100FF0A22 /* Release */ = {
			isa = XCBuildConfiguration;
			buildSettings = {
				ALWAYS_SEARCH_USER_PATHS = NO;
				CLANG_ANALYZER_NONNULL = YES;
				CLANG_ANALYZER_NUMBER_OBJECT_CONVERSION = YES_AGGRESSIVE;
				CLANG_CXX_LANGUAGE_STANDARD = "gnu++0x";
				CLANG_CXX_LIBRARY = "libc++";
				CLANG_ENABLE_MODULES = YES;
				CLANG_ENABLE_OBJC_ARC = YES;
				CLANG_WARN_BLOCK_CAPTURE_AUTORELEASING = YES;
				CLANG_WARN_BOOL_CONVERSION = YES;
				CLANG_WARN_COMMA = YES;
				CLANG_WARN_CONSTANT_CONVERSION = YES;
				CLANG_WARN_DIRECT_OBJC_ISA_USAGE = YES_ERROR;
				CLANG_WARN_DOCUMENTATION_COMMENTS = YES;
				CLANG_WARN_EMPTY_BODY = YES;
				CLANG_WARN_ENUM_CONVERSION = YES;
				CLANG_WARN_INFINITE_RECURSION = YES;
				CLANG_WARN_INT_CONVERSION = YES;
				CLANG_WARN_NON_LITERAL_NULL_CONVERSION = YES;
				CLANG_WARN_OBJC_LITERAL_CONVERSION = YES;
				CLANG_WARN_OBJC_ROOT_CLASS = YES_ERROR;
				CLANG_WARN_RANGE_LOOP_ANALYSIS = YES;
				CLANG_WARN_STRICT_PROTOTYPES = YES;
				CLANG_WARN_SUSPICIOUS_MOVE = YES;
				CLANG_WARN_UNREACHABLE_CODE = YES;
				CLANG_WARN__DUPLICATE_METHOD_MATCH = YES;
				"CODE_SIGN_IDENTITY[sdk=iphoneos*]" = "iPhone Developer";
				COPY_PHASE_STRIP = NO;
				DEBUG_INFORMATION_FORMAT = "dwarf-with-dsym";
				ENABLE_NS_ASSERTIONS = NO;
				ENABLE_STRICT_OBJC_MSGSEND = YES;
				GCC_C_LANGUAGE_STANDARD = gnu99;
				GCC_NO_COMMON_BLOCKS = YES;
				GCC_WARN_64_TO_32_BIT_CONVERSION = YES;
				GCC_WARN_ABOUT_RETURN_TYPE = YES_ERROR;
				GCC_WARN_UNDECLARED_SELECTOR = YES;
				GCC_WARN_UNINITIALIZED_AUTOS = YES_AGGRESSIVE;
				GCC_WARN_UNUSED_FUNCTION = YES;
				GCC_WARN_UNUSED_VARIABLE = YES;
				IPHONEOS_DEPLOYMENT_TARGET = 11.1;
				MTL_ENABLE_DEBUG_INFO = NO;
				SDKROOT = iphoneos;
				SWIFT_OPTIMIZATION_LEVEL = "-Owholemodule";
				TARGETED_DEVICE_FAMILY = "1,2";
				VALIDATE_PRODUCT = YES;
			};
			name = Release;
		};
		D88AE6F91FB0114100FF0A22 /* Debug */ = {
			isa = XCBuildConfiguration;
			baseConfigurationReference = 778CFE7E977A19F693E70196 /* Pods-Pagorn-Resume-iOS.debug.xcconfig */;
			buildSettings = {
				ASSETCATALOG_COMPILER_APPICON_NAME = AppIcon;
				DEVELOPMENT_TEAM = UC97B67PD8;
				INFOPLIST_FILE = "Pagorn-Resume-iOS/Info.plist";
				LD_RUNPATH_SEARCH_PATHS = "$(inherited) @executable_path/Frameworks";
				PRODUCT_BUNDLE_IDENTIFIER = "app.plagorn.Pagorn-Resume-iOS";
				PRODUCT_NAME = "$(TARGET_NAME)";
				SWIFT_SWIFT3_OBJC_INFERENCE = Default;
				SWIFT_VERSION = 4.0;
			};
			name = Debug;
		};
		D88AE6FA1FB0114100FF0A22 /* Release */ = {
			isa = XCBuildConfiguration;
			baseConfigurationReference = 7143CFC124C7F8B91408A7CF /* Pods-Pagorn-Resume-iOS.release.xcconfig */;
			buildSettings = {
				ASSETCATALOG_COMPILER_APPICON_NAME = AppIcon;
				DEVELOPMENT_TEAM = UC97B67PD8;
				INFOPLIST_FILE = "Pagorn-Resume-iOS/Info.plist";
				LD_RUNPATH_SEARCH_PATHS = "$(inherited) @executable_path/Frameworks";
				PRODUCT_BUNDLE_IDENTIFIER = "app.plagorn.Pagorn-Resume-iOS";
				PRODUCT_NAME = "$(TARGET_NAME)";
				SWIFT_SWIFT3_OBJC_INFERENCE = Default;
				SWIFT_VERSION = 4.0;
			};
			name = Release;
		};
/* End XCBuildConfiguration section */

/* Begin XCConfigurationList section */
		D88AE6DE1FB0114100FF0A22 /* Build configuration list for PBXProject "Pagorn-Resume-iOS" */ = {
			isa = XCConfigurationList;
			buildConfigurations = (
				D88AE6F61FB0114100FF0A22 /* Debug */,
				D88AE6F71FB0114100FF0A22 /* Release */,
			);
			defaultConfigurationIsVisible = 0;
			defaultConfigurationName = Release;
		};
		D88AE6F81FB0114100FF0A22 /* Build configuration list for PBXNativeTarget "Pagorn-Resume-iOS" */ = {
			isa = XCConfigurationList;
			buildConfigurations = (
				D88AE6F91FB0114100FF0A22 /* Debug */,
				D88AE6FA1FB0114100FF0A22 /* Release */,
			);
			defaultConfigurationIsVisible = 0;
			defaultConfigurationName = Release;
		};
/* End XCConfigurationList section */

/* Begin XCVersionGroup section */
		D88AE6ED1FB0114100FF0A22 /* Pagorn_Resume_iOS.xcdatamodeld */ = {
			isa = XCVersionGroup;
			children = (
				D88AE6EE1FB0114100FF0A22 /* Pagorn_Resume_iOS.xcdatamodel */,
			);
			currentVersion = D88AE6EE1FB0114100FF0A22 /* Pagorn_Resume_iOS.xcdatamodel */;
			path = Pagorn_Resume_iOS.xcdatamodeld;
			sourceTree = "<group>";
			versionGroupType = wrapper.xcdatamodel;
		};
/* End XCVersionGroup section */
	};
	rootObject = D88AE6DB1FB0114100FF0A22 /* Project object */;
}
